
Microsoft Visual Studio Solution File, Format Version 12.00
# Visual Studio Version 17
VisualStudioVersion = 17.0.31919.166
MinimumVisualStudioVersion = 10.0.40219.1
Project("{FAE04EC0-301F-11D3-BF4B-00C04F79EFBC}") = "GEST_DE_STOCK", "GEST_DE_STOCK\GEST_DE_STOCK.csproj", "{932E9755-8B8A-4686-BE43-1079656E6C5E}"
EndProject
Global
	GlobalSection(SolutionConfigurationPlatforms) = preSolution
		Debug|Any CPU = Debug|Any CPU
		Release|Any CPU = Release|Any CPU
	EndGlobalSection
	GlobalSection(ProjectConfigurationPlatforms) = postSolution
		{932E9755-8B8A-4686-BE43-1079656E6C5E}.Debug|Any CPU.ActiveCfg = Debug|Any CPU
		{932E9755-8B8A-4686-BE43-1079656E6C5E}.Debug|Any CPU.Build.0 = Debug|Any CPU
		{932E9755-8B8A-4686-BE43-1079656E6C5E}.Release|Any CPU.ActiveCfg = Release|Any CPU
		{932E9755-8B8A-4686-BE43-1079656E6C5E}.Release|Any CPU.Build.0 = Release|Any CPU
	EndGlobalSection
	GlobalSection(SolutionProperties) = preSolution
		HideSolutionNode = FALSE
	EndGlobalSection
	GlobalSection(ExtensibilityGlobals) = postSolution
		SolutionGuid = {A7C0100C-B326-4C92-A964-A4B90A75EAF8}
	EndGlobalSection
EndGlobal
